{
  "name": "FoodExploration",
  "lockfileVersion": 2,
  "requires": true,
  "packages": {
    "": {
      "dependencies": {
        "firstui-uni": "^1.8.0"
      }
    },
    "node_modules/firstui-uni": {
      "version": "1.8.0",
      "resolved": "https://registry.npmmirror.com/firstui-uni/-/firstui-uni-1.8.0.tgz",
      "integrity": "sha512-WmyFssAtBuHZJpzbJGmY5rOotdmTOZpCS/CgAAh/S5j7GaNjkBMrT95SY5L2wQb0eQM2CHD1Qqkzex8+h4JLlQ=="
    }
  },
  "dependencies": {
    "firstui-uni": {
      "version": "1.8.0",
      "resolved": "https://registry.npmmirror.com/firstui-uni/-/firstui-uni-1.8.0.tgz",
      "integrity": "sha512-WmyFssAtBuHZJpzbJGmY5rOotdmTOZpCS/CgAAh/S5j7GaNjkBMrT95SY5L2wQb0eQM2CHD1Qqkzex8+h4JLlQ=="
    }
  }
}
